
Microsoft Visual Studio Solution File, Format Version 12.00
# Visual Studio Version 17
VisualStudioVersion = 17.8.34322.80
MinimumVisualStudioVersion = 10.0.40219.1
Project("{9A19103F-16F7-4668-BE54-9A1E7A4F7556}") = "24-dars_HttpClient_CRUD", "24-dars_HttpClient_CRUD\24-dars_HttpClient_CRUD.csproj", "{8EFF90CB-89C7-4BCC-AC09-363801FA5416}"
EndProject
Project("{9A19103F-16F7-4668-BE54-9A1E7A4F7556}") = "25-dars_Telegram_bot", "25-dars_Telegram_bot\25-dars_Telegram_bot.csproj", "{7508C96E-0367-4457-91FF-1AF0F0B1054C}"
EndProject
Project("{9A19103F-16F7-4668-BE54-9A1E7A4F7556}") = "Telegram_Bot_2", "Telegram_Bot_2\Telegram_Bot_2.csproj", "{B35DC307-A94E-4A56-A033-91EA41690A2E}"
EndProject
Project("{9A19103F-16F7-4668-BE54-9A1E7A4F7556}") = "Valyuta_bot", "Valyuta_bot\Valyuta_bot.csproj", "{68FC77E8-1E97-419B-9D09-581BA58572BE}"
EndProject
Project("{9A19103F-16F7-4668-BE54-9A1E7A4F7556}") = "26-dars_Telegram_Bot", "26-dars_Telegram_Bot\26-dars_Telegram_Bot.csproj", "{A55C53D4-3FA0-4DD6-8661-6BAF4A1C60A5}"
EndProject
Project("{9A19103F-16F7-4668-BE54-9A1E7A4F7556}") = "Qoravul_bot", "Qoravul_bot\Qoravul_bot.csproj", "{419AD81E-E081-480D-BBBD-679E07C07016}"
EndProject
Project("{9A19103F-16F7-4668-BE54-9A1E7A4F7556}") = "Qoravul_bot2", "Qoravul_bot2\Qoravul_bot2.csproj", "{59122519-F4BA-4ECD-B05C-E99A2A104DA6}"
EndProject
Project("{9A19103F-16F7-4668-BE54-9A1E7A4F7556}") = "Fayl_qidiruv", "Fayl_qidiruv\Fayl_qidiruv.csproj", "{3F36683B-02BB-4552-8CCE-D9D01ECE07CF}"
EndProject
Project("{9A19103F-16F7-4668-BE54-9A1E7A4F7556}") = "ConsoleApp1", "ConsoleApp1\ConsoleApp1.csproj", "{D174D51E-B9EF-4ACF-823F-309E09DA2B60}"
EndProject
Project("{9A19103F-16F7-4668-BE54-9A1E7A4F7556}") = "27-dars_Insta_Video_Saver", "29-dars_Insta_Video_Saver\27-dars_Insta_Video_Saver.csproj", "{E3D259B2-987C-4C7B-A9C2-B81CF70515B9}"
EndProject
Project("{9A19103F-16F7-4668-BE54-9A1E7A4F7556}") = "28-dars_Insta_VideoSaver_subscriber", "28-dars_Insta_VideoSaver_subscriber\28-dars_Insta_VideoSaver_subscriber.csproj", "{4B9BA838-5DDE-4DB9-9E37-3A4F8F04BC85}"
EndProject
Project("{9A19103F-16F7-4668-BE54-9A1E7A4F7556}") = "Takrorlash", "Takrorlash\Takrorlash.csproj", "{2E622747-5CA8-4732-8C53-1857BE024542}"
EndProject
Project("{9A19103F-16F7-4668-BE54-9A1E7A4F7556}") = "DataBase", "DataBase\DataBase.csproj", "{5E48A4A8-2BB6-4693-AA3F-0DE20898915D}"
EndProject
Project("{9A19103F-16F7-4668-BE54-9A1E7A4F7556}") = "ConsoleApp3", "ConsoleApp3\ConsoleApp3.csproj", "{6C3A923A-B10A-4B83-85CA-D3CCAACFAAA7}"
EndProject
Project("{9A19103F-16F7-4668-BE54-9A1E7A4F7556}") = "35-dars_trigger", "35-dars_trigger\35-dars_trigger.csproj", "{D1195CEE-AA69-4FAF-BFCC-CD09C6AC6BE5}"
EndProject
Project("{FAE04EC0-301F-11D3-BF4B-00C04F79EFBC}") = "36-dars_Database", "36-dars_Database\36-dars_Database.csproj", "{3B5191D3-F6BE-4736-BCE4-2AE104DC70A5}"
EndProject
Global
	GlobalSection(SolutionConfigurationPlatforms) = preSolution
		Debug|Any CPU = Debug|Any CPU
		Release|Any CPU = Release|Any CPU
	EndGlobalSection
	GlobalSection(ProjectConfigurationPlatforms) = postSolution
		{8EFF90CB-89C7-4BCC-AC09-363801FA5416}.Debug|Any CPU.ActiveCfg = Debug|Any CPU
		{8EFF90CB-89C7-4BCC-AC09-363801FA5416}.Debug|Any CPU.Build.0 = Debug|Any CPU
		{8EFF90CB-89C7-4BCC-AC09-363801FA5416}.Release|Any CPU.ActiveCfg = Release|Any CPU
		{8EFF90CB-89C7-4BCC-AC09-363801FA5416}.Release|Any CPU.Build.0 = Release|Any CPU
		{7508C96E-0367-4457-91FF-1AF0F0B1054C}.Debug|Any CPU.ActiveCfg = Debug|Any CPU
		{7508C96E-0367-4457-91FF-1AF0F0B1054C}.Debug|Any CPU.Build.0 = Debug|Any CPU
		{7508C96E-0367-4457-91FF-1AF0F0B1054C}.Release|Any CPU.ActiveCfg = Release|Any CPU
		{7508C96E-0367-4457-91FF-1AF0F0B1054C}.Release|Any CPU.Build.0 = Release|Any CPU
		{B35DC307-A94E-4A56-A033-91EA41690A2E}.Debug|Any CPU.ActiveCfg = Debug|Any CPU
		{B35DC307-A94E-4A56-A033-91EA41690A2E}.Debug|Any CPU.Build.0 = Debug|Any CPU
		{B35DC307-A94E-4A56-A033-91EA41690A2E}.Release|Any CPU.ActiveCfg = Release|Any CPU
		{B35DC307-A94E-4A56-A033-91EA41690A2E}.Release|Any CPU.Build.0 = Release|Any CPU
		{68FC77E8-1E97-419B-9D09-581BA58572BE}.Debug|Any CPU.ActiveCfg = Debug|Any CPU
		{68FC77E8-1E97-419B-9D09-581BA58572BE}.Debug|Any CPU.Build.0 = Debug|Any CPU
		{68FC77E8-1E97-419B-9D09-581BA58572BE}.Release|Any CPU.ActiveCfg = Release|Any CPU
		{68FC77E8-1E97-419B-9D09-581BA58572BE}.Release|Any CPU.Build.0 = Release|Any CPU
		{A55C53D4-3FA0-4DD6-8661-6BAF4A1C60A5}.Debug|Any CPU.ActiveCfg = Debug|Any CPU
		{A55C53D4-3FA0-4DD6-8661-6BAF4A1C60A5}.Debug|Any CPU.Build.0 = Debug|Any CPU
		{A55C53D4-3FA0-4DD6-8661-6BAF4A1C60A5}.Release|Any CPU.ActiveCfg = Release|Any CPU
		{A55C53D4-3FA0-4DD6-8661-6BAF4A1C60A5}.Release|Any CPU.Build.0 = Release|Any CPU
		{419AD81E-E081-480D-BBBD-679E07C07016}.Debug|Any CPU.ActiveCfg = Debug|Any CPU
		{419AD81E-E081-480D-BBBD-679E07C07016}.Debug|Any CPU.Build.0 = Debug|Any CPU
		{419AD81E-E081-480D-BBBD-679E07C07016}.Release|Any CPU.ActiveCfg = Release|Any CPU
		{419AD81E-E081-480D-BBBD-679E07C07016}.Release|Any CPU.Build.0 = Release|Any CPU
		{59122519-F4BA-4ECD-B05C-E99A2A104DA6}.Debug|Any CPU.ActiveCfg = Debug|Any CPU
		{59122519-F4BA-4ECD-B05C-E99A2A104DA6}.Debug|Any CPU.Build.0 = Debug|Any CPU
		{59122519-F4BA-4ECD-B05C-E99A2A104DA6}.Release|Any CPU.ActiveCfg = Release|Any CPU
		{59122519-F4BA-4ECD-B05C-E99A2A104DA6}.Release|Any CPU.Build.0 = Release|Any CPU
		{3F36683B-02BB-4552-8CCE-D9D01ECE07CF}.Debug|Any CPU.ActiveCfg = Debug|Any CPU
		{3F36683B-02BB-4552-8CCE-D9D01ECE07CF}.Debug|Any CPU.Build.0 = Debug|Any CPU
		{3F36683B-02BB-4552-8CCE-D9D01ECE07CF}.Release|Any CPU.ActiveCfg = Release|Any CPU
		{3F36683B-02BB-4552-8CCE-D9D01ECE07CF}.Release|Any CPU.Build.0 = Release|Any CPU
		{D174D51E-B9EF-4ACF-823F-309E09DA2B60}.Debug|Any CPU.ActiveCfg = Debug|Any CPU
		{D174D51E-B9EF-4ACF-823F-309E09DA2B60}.Debug|Any CPU.Build.0 = Debug|Any CPU
		{D174D51E-B9EF-4ACF-823F-309E09DA2B60}.Release|Any CPU.ActiveCfg = Release|Any CPU
		{D174D51E-B9EF-4ACF-823F-309E09DA2B60}.Release|Any CPU.Build.0 = Release|Any CPU
		{E3D259B2-987C-4C7B-A9C2-B81CF70515B9}.Debug|Any CPU.ActiveCfg = Debug|Any CPU
		{E3D259B2-987C-4C7B-A9C2-B81CF70515B9}.Debug|Any CPU.Build.0 = Debug|Any CPU
		{E3D259B2-987C-4C7B-A9C2-B81CF70515B9}.Release|Any CPU.ActiveCfg = Release|Any CPU
		{E3D259B2-987C-4C7B-A9C2-B81CF70515B9}.Release|Any CPU.Build.0 = Release|Any CPU
		{4B9BA838-5DDE-4DB9-9E37-3A4F8F04BC85}.Debug|Any CPU.ActiveCfg = Debug|Any CPU
		{4B9BA838-5DDE-4DB9-9E37-3A4F8F04BC85}.Debug|Any CPU.Build.0 = Debug|Any CPU
		{4B9BA838-5DDE-4DB9-9E37-3A4F8F04BC85}.Release|Any CPU.ActiveCfg = Release|Any CPU
		{4B9BA838-5DDE-4DB9-9E37-3A4F8F04BC85}.Release|Any CPU.Build.0 = Release|Any CPU
		{2E622747-5CA8-4732-8C53-1857BE024542}.Debug|Any CPU.ActiveCfg = Debug|Any CPU
		{2E622747-5CA8-4732-8C53-1857BE024542}.Debug|Any CPU.Build.0 = Debug|Any CPU
		{2E622747-5CA8-4732-8C53-1857BE024542}.Release|Any CPU.ActiveCfg = Release|Any CPU
		{2E622747-5CA8-4732-8C53-1857BE024542}.Release|Any CPU.Build.0 = Release|Any CPU
		{5E48A4A8-2BB6-4693-AA3F-0DE20898915D}.Debug|Any CPU.ActiveCfg = Debug|Any CPU
		{5E48A4A8-2BB6-4693-AA3F-0DE20898915D}.Debug|Any CPU.Build.0 = Debug|Any CPU
		{5E48A4A8-2BB6-4693-AA3F-0DE20898915D}.Release|Any CPU.ActiveCfg = Release|Any CPU
		{5E48A4A8-2BB6-4693-AA3F-0DE20898915D}.Release|Any CPU.Build.0 = Release|Any CPU
		{6C3A923A-B10A-4B83-85CA-D3CCAACFAAA7}.Debug|Any CPU.ActiveCfg = Debug|Any CPU
		{6C3A923A-B10A-4B83-85CA-D3CCAACFAAA7}.Debug|Any CPU.Build.0 = Debug|Any CPU
		{6C3A923A-B10A-4B83-85CA-D3CCAACFAAA7}.Release|Any CPU.ActiveCfg = Release|Any CPU
		{6C3A923A-B10A-4B83-85CA-D3CCAACFAAA7}.Release|Any CPU.Build.0 = Release|Any CPU
		{D1195CEE-AA69-4FAF-BFCC-CD09C6AC6BE5}.Debug|Any CPU.ActiveCfg = Debug|Any CPU
		{D1195CEE-AA69-4FAF-BFCC-CD09C6AC6BE5}.Debug|Any CPU.Build.0 = Debug|Any CPU
		{D1195CEE-AA69-4FAF-BFCC-CD09C6AC6BE5}.Release|Any CPU.ActiveCfg = Release|Any CPU
		{D1195CEE-AA69-4FAF-BFCC-CD09C6AC6BE5}.Release|Any CPU.Build.0 = Release|Any CPU
		{3B5191D3-F6BE-4736-BCE4-2AE104DC70A5}.Debug|Any CPU.ActiveCfg = Debug|Any CPU
		{3B5191D3-F6BE-4736-BCE4-2AE104DC70A5}.Debug|Any CPU.Build.0 = Debug|Any CPU
		{3B5191D3-F6BE-4736-BCE4-2AE104DC70A5}.Release|Any CPU.ActiveCfg = Release|Any CPU
		{3B5191D3-F6BE-4736-BCE4-2AE104DC70A5}.Release|Any CPU.Build.0 = Release|Any CPU
	EndGlobalSection
	GlobalSection(SolutionProperties) = preSolution
		HideSolutionNode = FALSE
	EndGlobalSection
	GlobalSection(ExtensibilityGlobals) = postSolution
		SolutionGuid = {59DE7F55-6AB1-422F-B647-C7DF3B770A83}
	EndGlobalSection
EndGlobal
